
Microsoft Visual Studio Solution File, Format Version 12.00
# Visual Studio 15
VisualStudioVersion = 15.0.26124.0
MinimumVisualStudioVersion = 15.0.26124.0
Project("{FAE04EC0-301F-11D3-BF4B-00C04F79EFBC}") = "GraphQL", "GraphQL\GraphQL.csproj", "{9CC0FB4B-0FB8-430F-9B19-2D3B9AFF64C5}"
EndProject
Project("{FAE04EC0-301F-11D3-BF4B-00C04F79EFBC}") = "GraphQL.Tests", "GraphQL.Tests\GraphQL.Tests.csproj", "{BFD8F041-E59D-47B3-B48D-8ADB237827A7}"
EndProject
Project("{FAE04EC0-301F-11D3-BF4B-00C04F79EFBC}") = "Flight.Gateway", "Flight.Gateway\Flight.Gateway.csproj", "{40A306AA-1A5F-42CA-AD3A-7ED77AFAA031}"
EndProject
Project("{FAE04EC0-301F-11D3-BF4B-00C04F79EFBC}") = "Flight.ImportData", "Flight.ImportData\Flight.ImportData.csproj", "{A3F8F03C-E0F7-494E-AEAA-60882795E1A9}"
EndProject
Project("{FAE04EC0-301F-11D3-BF4B-00C04F79EFBC}") = "Flight.AircraftHangar", "Flight.AircraftHangar\Flight.AircraftHangar.csproj", "{60A31ADD-B602-49A1-A4F9-F5AF5F137C65}"
EndProject
Project("{FAE04EC0-301F-11D3-BF4B-00C04F79EFBC}") = "Flight.Airports", "Flight.Airports\Flight.Airports.csproj", "{0DF91B71-50BB-400A-87F1-556922458A45}"
EndProject
Project("{FAE04EC0-301F-11D3-BF4B-00C04F79EFBC}") = "Flight.LiveBoard", "Flight.LiveBoard\Flight.LiveBoard.csproj", "{F162C311-A5E3-40BD-9361-FD0D9539F2EC}"
EndProject
Project("{FAE04EC0-301F-11D3-BF4B-00C04F79EFBC}") = "Flight.Airlines", "Flight.Airlines\Flight.Airlines.csproj", "{0D055D53-D03A-4C91-AAB6-1F235E5A55F0}"
EndProject
Project("{FAE04EC0-301F-11D3-BF4B-00C04F79EFBC}") = "Flight.Client", "Flight.Client\Flight.Client.csproj", "{7C58A271-B6C4-46D0-8A12-6C623A4B3989}"
EndProject
Global
	GlobalSection(SolutionConfigurationPlatforms) = preSolution
		Debug|Any CPU = Debug|Any CPU
		Debug|x64 = Debug|x64
		Debug|x86 = Debug|x86
		Release|Any CPU = Release|Any CPU
		Release|x64 = Release|x64
		Release|x86 = Release|x86
	EndGlobalSection
	GlobalSection(SolutionProperties) = preSolution
		HideSolutionNode = FALSE
	EndGlobalSection
	GlobalSection(ProjectConfigurationPlatforms) = postSolution
		{9CC0FB4B-0FB8-430F-9B19-2D3B9AFF64C5}.Debug|Any CPU.ActiveCfg = Debug|Any CPU
		{9CC0FB4B-0FB8-430F-9B19-2D3B9AFF64C5}.Debug|Any CPU.Build.0 = Debug|Any CPU
		{9CC0FB4B-0FB8-430F-9B19-2D3B9AFF64C5}.Debug|x64.ActiveCfg = Debug|Any CPU
		{9CC0FB4B-0FB8-430F-9B19-2D3B9AFF64C5}.Debug|x64.Build.0 = Debug|Any CPU
		{9CC0FB4B-0FB8-430F-9B19-2D3B9AFF64C5}.Debug|x86.ActiveCfg = Debug|Any CPU
		{9CC0FB4B-0FB8-430F-9B19-2D3B9AFF64C5}.Debug|x86.Build.0 = Debug|Any CPU
		{9CC0FB4B-0FB8-430F-9B19-2D3B9AFF64C5}.Release|Any CPU.ActiveCfg = Release|Any CPU
		{9CC0FB4B-0FB8-430F-9B19-2D3B9AFF64C5}.Release|Any CPU.Build.0 = Release|Any CPU
		{9CC0FB4B-0FB8-430F-9B19-2D3B9AFF64C5}.Release|x64.ActiveCfg = Release|Any CPU
		{9CC0FB4B-0FB8-430F-9B19-2D3B9AFF64C5}.Release|x64.Build.0 = Release|Any CPU
		{9CC0FB4B-0FB8-430F-9B19-2D3B9AFF64C5}.Release|x86.ActiveCfg = Release|Any CPU
		{9CC0FB4B-0FB8-430F-9B19-2D3B9AFF64C5}.Release|x86.Build.0 = Release|Any CPU
		{BFD8F041-E59D-47B3-B48D-8ADB237827A7}.Debug|Any CPU.ActiveCfg = Debug|Any CPU
		{BFD8F041-E59D-47B3-B48D-8ADB237827A7}.Debug|Any CPU.Build.0 = Debug|Any CPU
		{BFD8F041-E59D-47B3-B48D-8ADB237827A7}.Debug|x64.ActiveCfg = Debug|Any CPU
		{BFD8F041-E59D-47B3-B48D-8ADB237827A7}.Debug|x64.Build.0 = Debug|Any CPU
		{BFD8F041-E59D-47B3-B48D-8ADB237827A7}.Debug|x86.ActiveCfg = Debug|Any CPU
		{BFD8F041-E59D-47B3-B48D-8ADB237827A7}.Debug|x86.Build.0 = Debug|Any CPU
		{BFD8F041-E59D-47B3-B48D-8ADB237827A7}.Release|Any CPU.ActiveCfg = Release|Any CPU
		{BFD8F041-E59D-47B3-B48D-8ADB237827A7}.Release|Any CPU.Build.0 = Release|Any CPU
		{BFD8F041-E59D-47B3-B48D-8ADB237827A7}.Release|x64.ActiveCfg = Release|Any CPU
		{BFD8F041-E59D-47B3-B48D-8ADB237827A7}.Release|x64.Build.0 = Release|Any CPU
		{BFD8F041-E59D-47B3-B48D-8ADB237827A7}.Release|x86.ActiveCfg = Release|Any CPU
		{BFD8F041-E59D-47B3-B48D-8ADB237827A7}.Release|x86.Build.0 = Release|Any CPU
		{40A306AA-1A5F-42CA-AD3A-7ED77AFAA031}.Debug|Any CPU.ActiveCfg = Debug|Any CPU
		{40A306AA-1A5F-42CA-AD3A-7ED77AFAA031}.Debug|Any CPU.Build.0 = Debug|Any CPU
		{40A306AA-1A5F-42CA-AD3A-7ED77AFAA031}.Debug|x64.ActiveCfg = Debug|Any CPU
		{40A306AA-1A5F-42CA-AD3A-7ED77AFAA031}.Debug|x64.Build.0 = Debug|Any CPU
		{40A306AA-1A5F-42CA-AD3A-7ED77AFAA031}.Debug|x86.ActiveCfg = Debug|Any CPU
		{40A306AA-1A5F-42CA-AD3A-7ED77AFAA031}.Debug|x86.Build.0 = Debug|Any CPU
		{40A306AA-1A5F-42CA-AD3A-7ED77AFAA031}.Release|Any CPU.ActiveCfg = Release|Any CPU
		{40A306AA-1A5F-42CA-AD3A-7ED77AFAA031}.Release|Any CPU.Build.0 = Release|Any CPU
		{40A306AA-1A5F-42CA-AD3A-7ED77AFAA031}.Release|x64.ActiveCfg = Release|Any CPU
		{40A306AA-1A5F-42CA-AD3A-7ED77AFAA031}.Release|x64.Build.0 = Release|Any CPU
		{40A306AA-1A5F-42CA-AD3A-7ED77AFAA031}.Release|x86.ActiveCfg = Release|Any CPU
		{40A306AA-1A5F-42CA-AD3A-7ED77AFAA031}.Release|x86.Build.0 = Release|Any CPU
		{A3F8F03C-E0F7-494E-AEAA-60882795E1A9}.Debug|Any CPU.ActiveCfg = Debug|Any CPU
		{A3F8F03C-E0F7-494E-AEAA-60882795E1A9}.Debug|Any CPU.Build.0 = Debug|Any CPU
		{A3F8F03C-E0F7-494E-AEAA-60882795E1A9}.Debug|x64.ActiveCfg = Debug|Any CPU
		{A3F8F03C-E0F7-494E-AEAA-60882795E1A9}.Debug|x64.Build.0 = Debug|Any CPU
		{A3F8F03C-E0F7-494E-AEAA-60882795E1A9}.Debug|x86.ActiveCfg = Debug|Any CPU
		{A3F8F03C-E0F7-494E-AEAA-60882795E1A9}.Debug|x86.Build.0 = Debug|Any CPU
		{A3F8F03C-E0F7-494E-AEAA-60882795E1A9}.Release|Any CPU.ActiveCfg = Release|Any CPU
		{A3F8F03C-E0F7-494E-AEAA-60882795E1A9}.Release|Any CPU.Build.0 = Release|Any CPU
		{A3F8F03C-E0F7-494E-AEAA-60882795E1A9}.Release|x64.ActiveCfg = Release|Any CPU
		{A3F8F03C-E0F7-494E-AEAA-60882795E1A9}.Release|x64.Build.0 = Release|Any CPU
		{A3F8F03C-E0F7-494E-AEAA-60882795E1A9}.Release|x86.ActiveCfg = Release|Any CPU
		{A3F8F03C-E0F7-494E-AEAA-60882795E1A9}.Release|x86.Build.0 = Release|Any CPU
		{60A31ADD-B602-49A1-A4F9-F5AF5F137C65}.Debug|Any CPU.ActiveCfg = Debug|Any CPU
		{60A31ADD-B602-49A1-A4F9-F5AF5F137C65}.Debug|Any CPU.Build.0 = Debug|Any CPU
		{60A31ADD-B602-49A1-A4F9-F5AF5F137C65}.Debug|x64.ActiveCfg = Debug|Any CPU
		{60A31ADD-B602-49A1-A4F9-F5AF5F137C65}.Debug|x64.Build.0 = Debug|Any CPU
		{60A31ADD-B602-49A1-A4F9-F5AF5F137C65}.Debug|x86.ActiveCfg = Debug|Any CPU
		{60A31ADD-B602-49A1-A4F9-F5AF5F137C65}.Debug|x86.Build.0 = Debug|Any CPU
		{60A31ADD-B602-49A1-A4F9-F5AF5F137C65}.Release|Any CPU.ActiveCfg = Release|Any CPU
		{60A31ADD-B602-49A1-A4F9-F5AF5F137C65}.Release|Any CPU.Build.0 = Release|Any CPU
		{60A31ADD-B602-49A1-A4F9-F5AF5F137C65}.Release|x64.ActiveCfg = Release|Any CPU
		{60A31ADD-B602-49A1-A4F9-F5AF5F137C65}.Release|x64.Build.0 = Release|Any CPU
		{60A31ADD-B602-49A1-A4F9-F5AF5F137C65}.Release|x86.ActiveCfg = Release|Any CPU
		{60A31ADD-B602-49A1-A4F9-F5AF5F137C65}.Release|x86.Build.0 = Release|Any CPU
		{0DF91B71-50BB-400A-87F1-556922458A45}.Debug|Any CPU.ActiveCfg = Debug|Any CPU
		{0DF91B71-50BB-400A-87F1-556922458A45}.Debug|Any CPU.Build.0 = Debug|Any CPU
		{0DF91B71-50BB-400A-87F1-556922458A45}.Debug|x64.ActiveCfg = Debug|Any CPU
		{0DF91B71-50BB-400A-87F1-556922458A45}.Debug|x64.Build.0 = Debug|Any CPU
		{0DF91B71-50BB-400A-87F1-556922458A45}.Debug|x86.ActiveCfg = Debug|Any CPU
		{0DF91B71-50BB-400A-87F1-556922458A45}.Debug|x86.Build.0 = Debug|Any CPU
		{0DF91B71-50BB-400A-87F1-556922458A45}.Release|Any CPU.ActiveCfg = Release|Any CPU
		{0DF91B71-50BB-400A-87F1-556922458A45}.Release|Any CPU.Build.0 = Release|Any CPU
		{0DF91B71-50BB-400A-87F1-556922458A45}.Release|x64.ActiveCfg = Release|Any CPU
		{0DF91B71-50BB-400A-87F1-556922458A45}.Release|x64.Build.0 = Release|Any CPU
		{0DF91B71-50BB-400A-87F1-556922458A45}.Release|x86.ActiveCfg = Release|Any CPU
		{0DF91B71-50BB-400A-87F1-556922458A45}.Release|x86.Build.0 = Release|Any CPU
		{F162C311-A5E3-40BD-9361-FD0D9539F2EC}.Debug|Any CPU.ActiveCfg = Debug|Any CPU
		{F162C311-A5E3-40BD-9361-FD0D9539F2EC}.Debug|Any CPU.Build.0 = Debug|Any CPU
		{F162C311-A5E3-40BD-9361-FD0D9539F2EC}.Debug|x64.ActiveCfg = Debug|Any CPU
		{F162C311-A5E3-40BD-9361-FD0D9539F2EC}.Debug|x64.Build.0 = Debug|Any CPU
		{F162C311-A5E3-40BD-9361-FD0D9539F2EC}.Debug|x86.ActiveCfg = Debug|Any CPU
		{F162C311-A5E3-40BD-9361-FD0D9539F2EC}.Debug|x86.Build.0 = Debug|Any CPU
		{F162C311-A5E3-40BD-9361-FD0D9539F2EC}.Release|Any CPU.ActiveCfg = Release|Any CPU
		{F162C311-A5E3-40BD-9361-FD0D9539F2EC}.Release|Any CPU.Build.0 = Release|Any CPU
		{F162C311-A5E3-40BD-9361-FD0D9539F2EC}.Release|x64.ActiveCfg = Release|Any CPU
		{F162C311-A5E3-40BD-9361-FD0D9539F2EC}.Release|x64.Build.0 = Release|Any CPU
		{F162C311-A5E3-40BD-9361-FD0D9539F2EC}.Release|x86.ActiveCfg = Release|Any CPU
		{F162C311-A5E3-40BD-9361-FD0D9539F2EC}.Release|x86.Build.0 = Release|Any CPU
		{0D055D53-D03A-4C91-AAB6-1F235E5A55F0}.Debug|Any CPU.ActiveCfg = Debug|Any CPU
		{0D055D53-D03A-4C91-AAB6-1F235E5A55F0}.Debug|Any CPU.Build.0 = Debug|Any CPU
		{0D055D53-D03A-4C91-AAB6-1F235E5A55F0}.Debug|x64.ActiveCfg = Debug|Any CPU
		{0D055D53-D03A-4C91-AAB6-1F235E5A55F0}.Debug|x64.Build.0 = Debug|Any CPU
		{0D055D53-D03A-4C91-AAB6-1F235E5A55F0}.Debug|x86.ActiveCfg = Debug|Any CPU
		{0D055D53-D03A-4C91-AAB6-1F235E5A55F0}.Debug|x86.Build.0 = Debug|Any CPU
		{0D055D53-D03A-4C91-AAB6-1F235E5A55F0}.Release|Any CPU.ActiveCfg = Release|Any CPU
		{0D055D53-D03A-4C91-AAB6-1F235E5A55F0}.Release|Any CPU.Build.0 = Release|Any CPU
		{0D055D53-D03A-4C91-AAB6-1F235E5A55F0}.Release|x64.ActiveCfg = Release|Any CPU
		{0D055D53-D03A-4C91-AAB6-1F235E5A55F0}.Release|x64.Build.0 = Release|Any CPU
		{0D055D53-D03A-4C91-AAB6-1F235E5A55F0}.Release|x86.ActiveCfg = Release|Any CPU
		{0D055D53-D03A-4C91-AAB6-1F235E5A55F0}.Release|x86.Build.0 = Release|Any CPU
		{7C58A271-B6C4-46D0-8A12-6C623A4B3989}.Debug|Any CPU.ActiveCfg = Debug|Any CPU
		{7C58A271-B6C4-46D0-8A12-6C623A4B3989}.Debug|Any CPU.Build.0 = Debug|Any CPU
		{7C58A271-B6C4-46D0-8A12-6C623A4B3989}.Debug|x64.ActiveCfg = Debug|Any CPU
		{7C58A271-B6C4-46D0-8A12-6C623A4B3989}.Debug|x64.Build.0 = Debug|Any CPU
		{7C58A271-B6C4-46D0-8A12-6C623A4B3989}.Debug|x86.ActiveCfg = Debug|Any CPU
		{7C58A271-B6C4-46D0-8A12-6C623A4B3989}.Debug|x86.Build.0 = Debug|Any CPU
		{7C58A271-B6C4-46D0-8A12-6C623A4B3989}.Release|Any CPU.ActiveCfg = Release|Any CPU
		{7C58A271-B6C4-46D0-8A12-6C623A4B3989}.Release|Any CPU.Build.0 = Release|Any CPU
		{7C58A271-B6C4-46D0-8A12-6C623A4B3989}.Release|x64.ActiveCfg = Release|Any CPU
		{7C58A271-B6C4-46D0-8A12-6C623A4B3989}.Release|x64.Build.0 = Release|Any CPU
		{7C58A271-B6C4-46D0-8A12-6C623A4B3989}.Release|x86.ActiveCfg = Release|Any CPU
		{7C58A271-B6C4-46D0-8A12-6C623A4B3989}.Release|x86.Build.0 = Release|Any CPU
	EndGlobalSection
EndGlobal
